
Microsoft Visual Studio Solution File, Format Version 12.00
# Visual Studio 15
Project("{FAE04EC0-301F-11D3-BF4B-00C04F79EFBC}") = "Assembly-CSharp", "Assembly-CSharp.csproj", "{6EA86386-C385-B249-F52B-AA74CA2F7BBA}"
EndProject
Project("{FAE04EC0-301F-11D3-BF4B-00C04F79EFBC}") = "Assembly-CSharp-Editor", "Assembly-CSharp-Editor.csproj", "{4A34FB12-34DB-F22B-4455-A76935B19F41}"
EndProject
Global
	GlobalSection(SolutionConfigurationPlatforms) = preSolution
		Debug|Any CPU = Debug|Any CPU
		Release|Any CPU = Release|Any CPU
	EndGlobalSection
	GlobalSection(ProjectConfigurationPlatforms) = postSolution
		{6EA86386-C385-B249-F52B-AA74CA2F7BBA}.Debug|Any CPU.ActiveCfg = Debug|Any CPU
		{6EA86386-C385-B249-F52B-AA74CA2F7BBA}.Debug|Any CPU.Build.0 = Debug|Any CPU
		{6EA86386-C385-B249-F52B-AA74CA2F7BBA}.Release|Any CPU.ActiveCfg = Release|Any CPU
		{6EA86386-C385-B249-F52B-AA74CA2F7BBA}.Release|Any CPU.Build.0 = Release|Any CPU
		{4A34FB12-34DB-F22B-4455-A76935B19F41}.Debug|Any CPU.ActiveCfg = Debug|Any CPU
		{4A34FB12-34DB-F22B-4455-A76935B19F41}.Debug|Any CPU.Build.0 = Debug|Any CPU
		{4A34FB12-34DB-F22B-4455-A76935B19F41}.Release|Any CPU.ActiveCfg = Release|Any CPU
		{4A34FB12-34DB-F22B-4455-A76935B19F41}.Release|Any CPU.Build.0 = Release|Any CPU
	EndGlobalSection
	GlobalSection(SolutionProperties) = preSolution
		HideSolutionNode = FALSE
	EndGlobalSection
EndGlobal
